{
  "name": "CEP-JSON",
  "version": "1.0.0",
  "lockfileVersion": 1,
  "requires": true,
  "dependencies": {
    "workaround": {
      "version": "1.0.3",
      "resolved": "https://registry.npmjs.org/workaround/-/workaround-1.0.3.tgz",
      "integrity": "sha512-OAFhCJcYwFouuCZLJa94KflLcOf8eJ7CuC4jCpVtPvfRPxn6GGdAKjEG6lpD1Q9X0jum8u4QTNV3Jcsan6FAyA=="
    }
  }
}
